
Microsoft Visual Studio Solution File, Format Version 12.00
# Visual Studio Version 16
VisualStudioVersion = 16.0.30011.22
MinimumVisualStudioVersion = 10.0.40219.1
Project("{9A19103F-16F7-4668-BE54-9A1E7A4F7556}") = "CakeShop.Web", "CakeShop\CakeShop.Web.csproj", "{8A6BEBD1-89E8-4A3F-8232-A91FB3AD0D42}"
EndProject
Project("{9A19103F-16F7-4668-BE54-9A1E7A4F7556}") = "CakeShop.Data", "CakeShop.Data\CakeShop.Data.csproj", "{0BD1C6E6-B4E6-4A54-B4B0-3E63E166B250}"
EndProject
Project("{9A19103F-16F7-4668-BE54-9A1E7A4F7556}") = "CakeShop.Core", "CakeShop.Core\CakeShop.Core.csproj", "{0CBD7B1C-381B-421D-8010-A5C90A5586FC}"
EndProject
Global
	GlobalSection(SolutionConfigurationPlatforms) = preSolution
		Debug|Any CPU = Debug|Any CPU
		Release|Any CPU = Release|Any CPU
	EndGlobalSection
	GlobalSection(ProjectConfigurationPlatforms) = postSolution
		{8A6BEBD1-89E8-4A3F-8232-A91FB3AD0D42}.Debug|Any CPU.ActiveCfg = Debug|Any CPU
		{8A6BEBD1-89E8-4A3F-8232-A91FB3AD0D42}.Debug|Any CPU.Build.0 = Debug|Any CPU
		{8A6BEBD1-89E8-4A3F-8232-A91FB3AD0D42}.Release|Any CPU.ActiveCfg = Release|Any CPU
		{8A6BEBD1-89E8-4A3F-8232-A91FB3AD0D42}.Release|Any CPU.Build.0 = Release|Any CPU
		{0BD1C6E6-B4E6-4A54-B4B0-3E63E166B250}.Debug|Any CPU.ActiveCfg = Debug|Any CPU
		{0BD1C6E6-B4E6-4A54-B4B0-3E63E166B250}.Debug|Any CPU.Build.0 = Debug|Any CPU
		{0BD1C6E6-B4E6-4A54-B4B0-3E63E166B250}.Release|Any CPU.ActiveCfg = Release|Any CPU
		{0BD1C6E6-B4E6-4A54-B4B0-3E63E166B250}.Release|Any CPU.Build.0 = Release|Any CPU
		{0CBD7B1C-381B-421D-8010-A5C90A5586FC}.Debug|Any CPU.ActiveCfg = Debug|Any CPU
		{0CBD7B1C-381B-421D-8010-A5C90A5586FC}.Debug|Any CPU.Build.0 = Debug|Any CPU
		{0CBD7B1C-381B-421D-8010-A5C90A5586FC}.Release|Any CPU.ActiveCfg = Release|Any CPU
		{0CBD7B1C-381B-421D-8010-A5C90A5586FC}.Release|Any CPU.Build.0 = Release|Any CPU
	EndGlobalSection
	GlobalSection(SolutionProperties) = preSolution
		HideSolutionNode = FALSE
	EndGlobalSection
	GlobalSection(ExtensibilityGlobals) = postSolution
		SolutionGuid = {24E482BD-5638-4DC9-B35A-DCF26165E515}
	EndGlobalSection
EndGlobal
